<?xml version="1.0" encoding="UTF-8" standalone="yes" ?>
<CodeBlocks_project_file>
	<FileVersion major="1" minor="6" />
	<Project>
		<Option title="exampleRFTx" />
		<Option pch_mode="2" />
		<Option compiler="gcc" />
		<Build>
			<Script file="lib_finder.script" />
			<Target title="Debug">
				<Option output="bin/Debug/exampleRF" prefix_auto="1" extension_auto="1" />
				<Option object_output="obj/Debug/" />
				<Option type="1" />
				<Option compiler="gcc" />
				<Compiler>
					<Add option="-g" />
				</Compiler>
			</Target>
			<Target title="Release">
				<Option output="bin/Release/exampleRF" prefix_auto="1" extension_auto="1" />
				<Option object_output="obj/Release/" />
				<Option type="1" />
				<Option compiler="gcc" />
				<Compiler>
					<Add option="-O2" />
				</Compiler>
				<Linker>
					<Add option="-s" />
				</Linker>
			</Target>
		</Build>
		<Compiler>
			<Add option="-Wall" />
		</Compiler>
		<Unit filename="CMakeLists.txt" />
		<Unit filename="common.h" />
		<Unit filename="exampleRF.cbp" />
		<Unit filename="exampleRF.depend" />
		<Unit filename="gauss_cos_sin_table.h" />
		<Unit filename="lib_finder.script" />
		<Unit filename="main.c">
			<Option compilerVar="CC" />
		</Unit>
		<Unit filename="packets.txt" />
		<Unit filename="packets_discovery.txt" />
		<Unit filename="packets_ibeacon.txt" />
		<Unit filename="scramble_table.h" />
		<Unit filename="scramble_table_ch37.h" />
		<Extensions>
			<code_completion />
			<envvars />
			<lib_finder disable_auto="1">
				<lib name="libbladeRF" />
			</lib_finder>
			<debugger />
		</Extensions>
	</Project>
</CodeBlocks_project_file>
